
Microsoft Visual Studio Solution File, Format Version 12.00
# Visual Studio Version 17
VisualStudioVersion = 17.2.32526.322
MinimumVisualStudioVersion = 10.0.40219.1
Project("{F2A71F9B-5D33-465A-A702-920D77279786}") = "com.jorgetechnology", "com.jorgetechnology\com.jorgetechnology.fsproj", "{FEBB4854-2EF8-4505-BDC0-3E119DA2D251}"
EndProject
Global
	GlobalSection(SolutionConfigurationPlatforms) = preSolution
		Debug|Any CPU = Debug|Any CPU
		Release|Any CPU = Release|Any CPU
	EndGlobalSection
	GlobalSection(ProjectConfigurationPlatforms) = postSolution
		{FEBB4854-2EF8-4505-BDC0-3E119DA2D251}.Debug|Any CPU.ActiveCfg = Debug|Any CPU
		{FEBB4854-2EF8-4505-BDC0-3E119DA2D251}.Debug|Any CPU.Build.0 = Debug|Any CPU
		{FEBB4854-2EF8-4505-BDC0-3E119DA2D251}.Release|Any CPU.ActiveCfg = Release|Any CPU
		{FEBB4854-2EF8-4505-BDC0-3E119DA2D251}.Release|Any CPU.Build.0 = Release|Any CPU
	EndGlobalSection
	GlobalSection(SolutionProperties) = preSolution
		HideSolutionNode = FALSE
	EndGlobalSection
	GlobalSection(ExtensibilityGlobals) = postSolution
		SolutionGuid = {CF5F5066-3E14-4131-9549-1AAAD4875CFA}
	EndGlobalSection
EndGlobal
